// !$*UTF8*$!
{
	archiveVersion = 1;
	classes = {
	};
	objectVersion = 47;
	objects = {

/* Begin PBXBuildFile section */
		9F297AAF1BACD6EE006D9684 /* main.m in Sources */ = {isa = PBXBuildFile; fileRef = 9F297AAE1BACD6EE006D9684 /* main.m */; };
		9F297AB21BACD6EE006D9684 /* AppDelegate.m in Sources */ = {isa = PBXBuildFile; fileRef = 9F297AB11BACD6EE006D9684 /* AppDelegate.m */; };
		9F297AB51BACD6EE006D9684 /* ViewController.m in Sources */ = {isa = PBXBuildFile; fileRef = 9F297AB41BACD6EE006D9684 /* ViewController.m */; };
		9F297AB81BACD6EE006D9684 /* Main.storyboard in Resources */ = {isa = PBXBuildFile; fileRef = 9F297AB61BACD6EE006D9684 /* Main.storyboard */; };
		9F297ABA1BACD6EE006D9684 /* Assets.xcassets in Resources */ = {isa = PBXBuildFile; fileRef = 9F297AB91BACD6EE006D9684 /* Assets.xcassets */; };
		9F297ABD1BACD6EE006D9684 /* LaunchScreen.storyboard in Resources */ = {isa = PBXBuildFile; fileRef = 9F297ABB1BACD6EE006D9684 /* LaunchScreen.storyboard */; };
/* End PBXBuildFile section */

/* Begin PBXFileReference section */
		9F297AAA1BACD6EE006D9684 /* ReachabilityTest.app */ = {isa = PBXFileReference; explicitFileType = wrapper.application; includeInIndex = 0; path = ReachabilityTest.app; sourceTree = BUILT_PRODUCTS_DIR; };
		9F297AAE1BACD6EE006D9684 /* main.m */ = {isa = PBXFileReference; lastKnownFileType = sourcecode.c.objc; path = main.m; sourceTree = "<group>"; };
		9F297AB01BACD6EE006D9684 /* AppDelegate.h */ = {isa = PBXFileReference; lastKnownFileType = sourcecode.c.h; path = AppDelegate.h; sourceTree = "<group>"; };
		9F297AB11BACD6EE006D9684 /* AppDelegate.m */ = {isa = PBXFileReference; lastKnownFileType = sourcecode.c.objc; path = AppDelegate.m; sourceTree = "<group>"; };
		9F297AB31BACD6EE006D9684 /* ViewController.h */ = {isa = PBXFileReference; lastKnownFileType = sourcecode.c.h; path = ViewController.h; sourceTree = "<group>"; };
		9F297AB41BACD6EE006D9684 /* ViewController.m */ = {isa = PBXFileReference; lastKnownFileType = sourcecode.c.objc; path = ViewController.m; sourceTree = "<group>"; };
		9F297AB71BACD6EE006D9684 /* Base */ = {isa = PBXFileReference; lastKnownFileType = file.storyboard; name = Base; path = Base.lproj/Main.storyboard; sourceTree = "<group>"; };
		9F297AB91BACD6EE006D9684 /* Assets.xcassets */ = {isa = PBXFileReference; lastKnownFileType = folder.assetcatalog; path = Assets.xcassets; sourceTree = "<group>"; };
		9F297ABC1BACD6EE006D9684 /* Base */ = {isa = PBXFileReference; lastKnownFileType = file.storyboard; name = Base; path = Base.lproj/LaunchScreen.storyboard; sourceTree = "<group>"; };
		9F297ABE1BACD6EE006D9684 /* Info.plist */ = {isa = PBXFileReference; lastKnownFileType = text.plist.xml; path = Info.plist; sourceTree = "<group>"; };
/* End PBXFileReference section */

/* Begin PBXFrameworksBuildPhase section */
		9F297AA71BACD6EE006D9684 /* Frameworks */ = {
			isa = PBXFrameworksBuildPhase;
			buildActionMask = 2147483647;
			files = (
			);
			runOnlyForDeploymentPostprocessing = 0;
		};
/* End PBXFrameworksBuildPhase section */

/* Begin PBXGroup section */
		9F297AA11BACD6EE006D9684 = {
			isa = PBXGroup;
			children = (
				9F297AAC1BACD6EE006D9684 /* ReachabilityTest */,
				9F297AAB1BACD6EE006D9684 /* Products */,
			);
			sourceTree = "<group>";
		};
		9F297AAB1BACD6EE006D9684 /* Products */ = {
			isa = PBXGroup;
			children = (
				9F297AAA1BACD6EE006D9684 /* ReachabilityTest.app */,
			);
			name = Products;
			sourceTree = "<group>";
		};
		9F297AAC1BACD6EE006D9684 /* ReachabilityTest */ = {
			isa = PBXGroup;
			children = (
				9F297AB01BACD6EE006D9684 /* AppDelegate.h */,
				9F297AB11BACD6EE006D9684 /* AppDelegate.m */,
				9F297AB31BACD6EE006D9684 /* ViewController.h */,
				9F297AB41BACD6EE006D9684 /* ViewController.m */,
				9F297AB61BACD6EE006D9684 /* Main.storyboard */,
				9F297AB91BACD6EE006D9684 /* Assets.xcassets */,
				9F297ABB1BACD6EE006D9684 /* LaunchScreen.storyboard */,
				9F297ABE1BACD6EE006D9684 /* Info.plist */,
				9F297AAD1BACD6EE006D9684 /* Supporting Files */,
			);
			path = ReachabilityTest;
			sourceTree = "<group>";
		};
		9F297AAD1BACD6EE006D9684 /* Supporting Files */ = {
			isa = PBXGroup;
			children = (
				9F297AAE1BACD6EE006D9684 /* main.m */,
			);
			name = "Supporting Files";
			sourceTree = "<group>";
		};
/* End PBXGroup section */

/* Begin PBXNativeTarget section */
		9F297AA91BACD6EE006D9684 /* ReachabilityTest */ = {
			isa = PBXNativeTarget;
			buildConfigurationList = 9F297AC11BACD6EE006D9684 /* Build configuration list for PBXNativeTarget "ReachabilityTest" */;
			buildPhases = (
				9F297AA61BACD6EE006D9684 /* Sources */,
				9F297AA71BACD6EE006D9684 /* Frameworks */,
				9F297AA81BACD6EE006D9684 /* Resources */,
			);
			buildRules = (
			);
			dependencies = (
			);
			name = ReachabilityTest;
			productName = ReachabilityTest;
			productReference = 9F297AAA1BACD6EE006D9684 /* ReachabilityTest.app */;
			productType = "com.apple.product-type.application";
		};
/* End PBXNativeTarget section */

/* Begin PBXProject section */
		9F297AA21BACD6EE006D9684 /* Project object */ = {
			isa = PBXProject;
			attributes = {
				LastUpgradeCheck = 0700;
				ORGANIZATIONNAME = Rentalcars.com;
				TargetAttributes = {
					9F297AA91BACD6EE006D9684 = {
						CreatedOnToolsVersion = 7.0;
					};
				};
			};
			buildConfigurationList = 9F297AA51BACD6EE006D9684 /* Build configuration list for PBXProject "ReachabilityTest" */;
			compatibilityVersion = "Xcode 6.3";
			developmentRegion = English;
			hasScannedForEncodings = 0;
			knownRegions = (
				en,
				Base,
			);
			mainGroup = 9F297AA11BACD6EE006D9684;
			productRefGroup = 9F297AAB1BACD6EE006D9684 /* Products */;
			projectDirPath = "";
			projectRoot = "";
			targets = (
				9F297AA91BACD6EE006D9684 /* ReachabilityTest */,
			);
		};
/* End PBXProject section */

/* Begin PBXResourcesBuildPhase section */
		9F297AA81BACD6EE006D9684 /* Resources */ = {
			isa = PBXResourcesBuildPhase;
			buildActionMask = 2147483647;
			files = (
				9F297ABD1BACD6EE006D9684 /* LaunchScreen.storyboard in Resources */,
				9F297ABA1BACD6EE006D9684 /* Assets.xcassets in Resources */,
				9F297AB81BACD6EE006D9684 /* Main.storyboard in Resources */,
			);
			runOnlyForDeploymentPostprocessing = 0;
		};
/* End PBXResourcesBuildPhase section */

/* Begin PBXSourcesBuildPhase section */
		9F297AA61BACD6EE006D9684 /* Sources */ = {
			isa = PBXSourcesBuildPhase;
			buildActionMask = 2147483647;
			files = (
				9F297AB51BACD6EE006D9684 /* ViewController.m in Sources */,
				9F297AB21BACD6EE006D9684 /* AppDelegate.m in Sources */,
				9F297AAF1BACD6EE006D9684 /* main.m in Sources */,
			);
			runOnlyForDeploymentPostprocessing = 0;
		};
/* End PBXSourcesBuildPhase section */

/* Begin PBXVariantGroup section */
		9F297AB61BACD6EE006D9684 /* Main.storyboard */ = {
			isa = PBXVariantGroup;
			children = (
				9F297AB71BACD6EE006D9684 /* Base */,
			);
			name = Main.storyboard;
			sourceTree = "<group>";
		};
		9F297ABB1BACD6EE006D9684 /* LaunchScreen.storyboard */ = {
			isa = PBXVariantGroup;
			children = (
				9F297ABC1BACD6EE006D9684 /* Base */,
			);
			name = LaunchScreen.storyboard;
			sourceTree = "<group>";
		};
/* End PBXVariantGroup section */

/* Begin XCBuildConfiguration section */
		9F297ABF1BACD6EE006D9684 /* Debug */ = {
			isa = XCBuildConfiguration;
			buildSettings = {
				ALWAYS_SEARCH_USER_PATHS = NO;
				CLANG_CXX_LANGUAGE_STANDARD = "gnu++0x";
				CLANG_CXX_LIBRARY = "libc++";
				CLANG_ENABLE_MODULES = YES;
				CLANG_ENABLE_OBJC_ARC = YES;
				CLANG_WARN_BOOL_CONVERSION = YES;
				CLANG_WARN_CONSTANT_CONVERSION = YES;
				CLANG_WARN_DIRECT_OBJC_ISA_USAGE = YES_ERROR;
				CLANG_WARN_EMPTY_BODY = YES;
				CLANG_WARN_ENUM_CONVERSION = YES;
				CLANG_WARN_INT_CONVERSION = YES;
				CLANG_WARN_OBJC_ROOT_CLASS = YES_ERROR;
				CLANG_WARN_UNREACHABLE_CODE = YES;
				CLANG_WARN__DUPLICATE_METHOD_MATCH = YES;
				"CODE_SIGN_IDENTITY[sdk=iphoneos*]" = "iPhone Developer";
				COPY_PHASE_STRIP = NO;
				DEBUG_INFORMATION_FORMAT = dwarf;
				ENABLE_STRICT_OBJC_MSGSEND = YES;
				ENABLE_TESTABILITY = YES;
				GCC_C_LANGUAGE_STANDARD = gnu99;
				GCC_DYNAMIC_NO_PIC = NO;
				GCC_NO_COMMON_BLOCKS = YES;
				GCC_OPTIMIZATION_LEVEL = 0;
				GCC_PREPROCESSOR_DEFINITIONS = (
					"DEBUG=1",
					"$(inherited)",
				);
				GCC_WARN_64_TO_32_BIT_CONVERSION = YES;
				GCC_WARN_ABOUT_RETURN_TYPE = YES_ERROR;
				GCC_WARN_UNDECLARED_SELECTOR = YES;
				GCC_WARN_UNINITIALIZED_AUTOS = YES_AGGRESSIVE;
				GCC_WARN_UNUSED_FUNCTION = YES;
				GCC_WARN_UNUSED_VARIABLE = YES;
				IPHONEOS_DEPLOYMENT_TARGET = 9.0;
				MTL_ENABLE_DEBUG_INFO = YES;
				ONLY_ACTIVE_ARCH = YES;
				SDKROOT = iphoneos;
				TARGETED_DEVICE_FAMILY = "1,2";
			};
			name = Debug;
		};
		9F297AC01BACD6EE006D9684 /* Release */ = {
			isa = XCBuildConfiguration;
			buildSettings = {
				ALWAYS_SEARCH_USER_PATHS = NO;
				CLANG_CXX_LANGUAGE_STANDARD = "gnu++0x";
				CLANG_CXX_LIBRARY = "libc++";
				CLANG_ENABLE_MODULES = YES;
				CLANG_ENABLE_OBJC_ARC = YES;
				CLANG_WARN_BOOL_CONVERSION = YES;
				CLANG_WARN_CONSTANT_CONVERSION = YES;
				CLANG_WARN_DIRECT_OBJC_ISA_USAGE = YES_ERROR;
				CLANG_WARN_EMPTY_BODY = YES;
				CLANG_WARN_ENUM_CONVERSION = YES;
				CLANG_WARN_INT_CONVERSION = YES;
				CLANG_WARN_OBJC_ROOT_CLASS = YES_ERROR;
				CLANG_WARN_UNREACHABLE_CODE = YES;
				CLANG_WARN__DUPLICATE_METHOD_MATCH = YES;
				"CODE_SIGN_IDENTITY[sdk=iphoneos*]" = "iPhone Developer";
				COPY_PHASE_STRIP = NO;
				DEBUG_INFORMATION_FORMAT = "dwarf-with-dsym";
				ENABLE_NS_ASSERTIONS = NO;
				ENABLE_STRICT_OBJC_MSGSEND = YES;
				GCC_C_LANGUAGE_STANDARD = gnu99;
				GCC_NO_COMMON_BLOCKS = YES;
				GCC_WARN_64_TO_32_BIT_CONVERSION = YES;
				GCC_WARN_ABOUT_RETURN_TYPE = YES_ERROR;
				GCC_WARN_UNDECLARED_SELECTOR = YES;
				GCC_WARN_UNINITIALIZED_AUTOS = YES_AGGRESSIVE;
				GCC_WARN_UNUSED_FUNCTION = YES;
				GCC_WARN_UNUSED_VARIABLE = YES;
				IPHONEOS_DEPLOYMENT_TARGET = 9.0;
				MTL_ENABLE_DEBUG_INFO = NO;
				SDKROOT = iphoneos;
				TARGETED_DEVICE_FAMILY = "1,2";
				VALIDATE_PRODUCT = YES;
			};
			name = Release;
		};
		9F297AC21BACD6EE006D9684 /* Debug */ = {
			isa = XCBuildConfiguration;
			buildSettings = {
				ASSETCATALOG_COMPILER_APPICON_NAME = AppIcon;
				INFOPLIST_FILE = ReachabilityTest/Info.plist;
				IPHONEOS_DEPLOYMENT_TARGET = 8.0;
				LD_RUNPATH_SEARCH_PATHS = "$(inherited) @executable_path/Frameworks";
				PRODUCT_BUNDLE_IDENTIFIER = com.rentalcars.ReachabilityTest;
				PRODUCT_NAME = "$(TARGET_NAME)";
			};
			name = Debug;
		};
		9F297AC31BACD6EE006D9684 /* Release */ = {
			isa = XCBuildConfiguration;
			buildSettings = {
				ASSETCATALOG_COMPILER_APPICON_NAME = AppIcon;
				INFOPLIST_FILE = ReachabilityTest/Info.plist;
				IPHONEOS_DEPLOYMENT_TARGET = 8.0;
				LD_RUNPATH_SEARCH_PATHS = "$(inherited) @executable_path/Frameworks";
				PRODUCT_BUNDLE_IDENTIFIER = com.rentalcars.ReachabilityTest;
				PRODUCT_NAME = "$(TARGET_NAME)";
			};
			name = Release;
		};
/* End XCBuildConfiguration section */

/* Begin XCConfigurationList section */
		9F297AA51BACD6EE006D9684 /* Build configuration list for PBXProject "ReachabilityTest" */ = {
			isa = XCConfigurationList;
			buildConfigurations = (
				9F297ABF1BACD6EE006D9684 /* Debug */,
				9F297AC01BACD6EE006D9684 /* Release */,
			);
			defaultConfigurationIsVisible = 0;
			defaultConfigurationName = Release;
		};
		9F297AC11BACD6EE006D9684 /* Build configuration list for PBXNativeTarget "ReachabilityTest" */ = {
			isa = XCConfigurationList;
			buildConfigurations = (
				9F297AC21BACD6EE006D9684 /* Debug */,
				9F297AC31BACD6EE006D9684 /* Release */,
			);
			defaultConfigurationIsVisible = 0;
			defaultConfigurationName = Release;
		};
/* End XCConfigurationList section */
	};
	rootObject = 9F297AA21BACD6EE006D9684 /* Project object */;
}
